// !$*UTF8*$!
{
	archiveVersion = 1;
	classes = {
	};
	objectVersion = 52;
	objects = {

/* Begin PBXBuildFile section */
		941A0812262A2D5E005D9D54 /* UIView+AutoLayout.swift in Sources */ = {isa = PBXBuildFile; fileRef = 941A0811262A2D5E005D9D54 /* UIView+AutoLayout.swift */; };
		941A081B262A3051005D9D54 /* WeatherCollectionViewController.swift in Sources */ = {isa = PBXBuildFile; fileRef = 941A081A262A3051005D9D54 /* WeatherCollectionViewController.swift */; };
		941AA485262B720A003F20C9 /* WeatherHeaderView.swift in Sources */ = {isa = PBXBuildFile; fileRef = 941AA484262B720A003F20C9 /* WeatherHeaderView.swift */; };
		941AA492262B8F84003F20C9 /* HourlyWeatherCollectionViewCell.swift in Sources */ = {isa = PBXBuildFile; fileRef = 941AA491262B8F84003F20C9 /* HourlyWeatherCollectionViewCell.swift */; };
		941AA49A262B931F003F20C9 /* HourlyWeatherChildCollectionViewCell.swift in Sources */ = {isa = PBXBuildFile; fileRef = 941AA499262B931F003F20C9 /* HourlyWeatherChildCollectionViewCell.swift */; };
		941AA4A8262C4EAC003F20C9 /* DailyWeatherCollectionViewCell.swift in Sources */ = {isa = PBXBuildFile; fileRef = 941AA4A7262C4EAC003F20C9 /* DailyWeatherCollectionViewCell.swift */; };
		94393C44262DA327003E89CA /* APIKeys.swift in Sources */ = {isa = PBXBuildFile; fileRef = 94393C43262DA327003E89CA /* APIKeys.swift */; };
		94393C49262DFAC6003E89CA /* UIEdgeInsets+Extension.swift in Sources */ = {isa = PBXBuildFile; fileRef = 94393C48262DFAC6003E89CA /* UIEdgeInsets+Extension.swift */; };
		94393C4E262DFBF4003E89CA /* Optional+Extension.swift in Sources */ = {isa = PBXBuildFile; fileRef = 94393C4D262DFBF4003E89CA /* Optional+Extension.swift */; };
		94393C53262E0DA6003E89CA /* WeatherFooterView.swift in Sources */ = {isa = PBXBuildFile; fileRef = 94393C52262E0DA6003E89CA /* WeatherFooterView.swift */; };
		94393C66262E193D003E89CA /* Date+Extension.swift in Sources */ = {isa = PBXBuildFile; fileRef = 94393C65262E193D003E89CA /* Date+Extension.swift */; };
		94393C70262E2042003E89CA /* MainPageInteractor.swift in Sources */ = {isa = PBXBuildFile; fileRef = 94393C6F262E2042003E89CA /* MainPageInteractor.swift */; };
		94393C76262E2056003E89CA /* LatLng.swift in Sources */ = {isa = PBXBuildFile; fileRef = 94393C75262E2056003E89CA /* LatLng.swift */; };
		943CCCDA262CC16700392DCC /* YaWeatherAPIWorker.swift in Sources */ = {isa = PBXBuildFile; fileRef = 943CCCD9262CC16700392DCC /* YaWeatherAPIWorker.swift */; };
		943CCCE8262CC20A00392DCC /* YaWeatherEntity.swift in Sources */ = {isa = PBXBuildFile; fileRef = 943CCCE7262CC20A00392DCC /* YaWeatherEntity.swift */; };
		943CCCEE262CC43300392DCC /* Alamofire in Frameworks */ = {isa = PBXBuildFile; productRef = 943CCCED262CC43300392DCC /* Alamofire */; };
		943CCCF4262CC92600392DCC /* Constants.swift in Sources */ = {isa = PBXBuildFile; fileRef = 943CCCF3262CC92600392DCC /* Constants.swift */; };
		943CCCFD262CDE9000392DCC /* WeatherInteractor.swift in Sources */ = {isa = PBXBuildFile; fileRef = 943CCCFC262CDE9000392DCC /* WeatherInteractor.swift */; };
		943CCD06262CE04800392DCC /* WeatherPresenter.swift in Sources */ = {isa = PBXBuildFile; fileRef = 943CCD05262CE04800392DCC /* WeatherPresenter.swift */; };
		943CCD0D262D6BB800392DCC /* WeatherConfigurator.swift in Sources */ = {isa = PBXBuildFile; fileRef = 943CCD0C262D6BB800392DCC /* WeatherConfigurator.swift */; };
		943CCD16262D716D00392DCC /* WeatherRouter.swift in Sources */ = {isa = PBXBuildFile; fileRef = 943CCD15262D716D00392DCC /* WeatherRouter.swift */; };
		945DF7C6262E3A7500931126 /* UIViewController+Extension.swift in Sources */ = {isa = PBXBuildFile; fileRef = 945DF7C5262E3A7500931126 /* UIViewController+Extension.swift */; };
		94660003262A147B00FC44BC /* AppDelegate.swift in Sources */ = {isa = PBXBuildFile; fileRef = 94660002262A147B00FC44BC /* AppDelegate.swift */; };
		94660005262A147B00FC44BC /* SceneDelegate.swift in Sources */ = {isa = PBXBuildFile; fileRef = 94660004262A147B00FC44BC /* SceneDelegate.swift */; };
		94660007262A147B00FC44BC /* MainPageViewController.swift in Sources */ = {isa = PBXBuildFile; fileRef = 94660006262A147B00FC44BC /* MainPageViewController.swift */; };
		9466000C262A147D00FC44BC /* Assets.xcassets in Resources */ = {isa = PBXBuildFile; fileRef = 9466000B262A147D00FC44BC /* Assets.xcassets */; };
		9466000F262A147D00FC44BC /* LaunchScreen.storyboard in Resources */ = {isa = PBXBuildFile; fileRef = 9466000D262A147D00FC44BC /* LaunchScreen.storyboard */; };
		9466001A262A147D00FC44BC /* ya_weatherTests.swift in Sources */ = {isa = PBXBuildFile; fileRef = 94660019262A147D00FC44BC /* ya_weatherTests.swift */; };
		94660025262A147D00FC44BC /* ya_weatherUITests.swift in Sources */ = {isa = PBXBuildFile; fileRef = 94660024262A147D00FC44BC /* ya_weatherUITests.swift */; };
		949CFEFB262E22C200072B14 /* MainPagePresenter.swift in Sources */ = {isa = PBXBuildFile; fileRef = 949CFEFA262E22C200072B14 /* MainPagePresenter.swift */; };
		949CFF04262E2BEE00072B14 /* MainPageConfigurator.swift in Sources */ = {isa = PBXBuildFile; fileRef = 949CFF03262E2BEE00072B14 /* MainPageConfigurator.swift */; };
/* End PBXBuildFile section */

/* Begin PBXContainerItemProxy section */
		94660016262A147D00FC44BC /* PBXContainerItemProxy */ = {
			isa = PBXContainerItemProxy;
			containerPortal = 9466FFF7262A147B00FC44BC /* Project object */;
			proxyType = 1;
			remoteGlobalIDString = 9466FFFE262A147B00FC44BC;
			remoteInfo = "ya-weather";
		};
		94660021262A147D00FC44BC /* PBXContainerItemProxy */ = {
			isa = PBXContainerItemProxy;
			containerPortal = 9466FFF7262A147B00FC44BC /* Project object */;
			proxyType = 1;
			remoteGlobalIDString = 9466FFFE262A147B00FC44BC;
			remoteInfo = "ya-weather";
		};
/* End PBXContainerItemProxy section */

/* Begin PBXFileReference section */
		941A0811262A2D5E005D9D54 /* UIView+AutoLayout.swift */ = {isa = PBXFileReference; lastKnownFileType = sourcecode.swift; path = "UIView+AutoLayout.swift"; sourceTree = "<group>"; };
		941A081A262A3051005D9D54 /* WeatherCollectionViewController.swift */ = {isa = PBXFileReference; lastKnownFileType = sourcecode.swift; path = WeatherCollectionViewController.swift; sourceTree = "<group>"; };
		941AA484262B720A003F20C9 /* WeatherHeaderView.swift */ = {isa = PBXFileReference; lastKnownFileType = sourcecode.swift; path = WeatherHeaderView.swift; sourceTree = "<group>"; };
		941AA491262B8F84003F20C9 /* HourlyWeatherCollectionViewCell.swift */ = {isa = PBXFileReference; lastKnownFileType = sourcecode.swift; path = HourlyWeatherCollectionViewCell.swift; sourceTree = "<group>"; };
		941AA499262B931F003F20C9 /* HourlyWeatherChildCollectionViewCell.swift */ = {isa = PBXFileReference; lastKnownFileType = sourcecode.swift; path = HourlyWeatherChildCollectionViewCell.swift; sourceTree = "<group>"; };
		941AA4A7262C4EAC003F20C9 /* DailyWeatherCollectionViewCell.swift */ = {isa = PBXFileReference; lastKnownFileType = sourcecode.swift; path = DailyWeatherCollectionViewCell.swift; sourceTree = "<group>"; };
		94393C43262DA327003E89CA /* APIKeys.swift */ = {isa = PBXFileReference; lastKnownFileType = sourcecode.swift; path = APIKeys.swift; sourceTree = "<group>"; };
		94393C48262DFAC6003E89CA /* UIEdgeInsets+Extension.swift */ = {isa = PBXFileReference; lastKnownFileType = sourcecode.swift; path = "UIEdgeInsets+Extension.swift"; sourceTree = "<group>"; };
		94393C4D262DFBF4003E89CA /* Optional+Extension.swift */ = {isa = PBXFileReference; lastKnownFileType = sourcecode.swift; path = "Optional+Extension.swift"; sourceTree = "<group>"; };
		94393C52262E0DA6003E89CA /* WeatherFooterView.swift */ = {isa = PBXFileReference; lastKnownFileType = sourcecode.swift; path = WeatherFooterView.swift; sourceTree = "<group>"; };
		94393C65262E193D003E89CA /* Date+Extension.swift */ = {isa = PBXFileReference; lastKnownFileType = sourcecode.swift; path = "Date+Extension.swift"; sourceTree = "<group>"; };
		94393C6F262E2042003E89CA /* MainPageInteractor.swift */ = {isa = PBXFileReference; lastKnownFileType = sourcecode.swift; path = MainPageInteractor.swift; sourceTree = "<group>"; };
		94393C75262E2056003E89CA /* LatLng.swift */ = {isa = PBXFileReference; lastKnownFileType = sourcecode.swift; path = LatLng.swift; sourceTree = "<group>"; };
		943CCCD9262CC16700392DCC /* YaWeatherAPIWorker.swift */ = {isa = PBXFileReference; lastKnownFileType = sourcecode.swift; path = YaWeatherAPIWorker.swift; sourceTree = "<group>"; };
		943CCCE7262CC20A00392DCC /* YaWeatherEntity.swift */ = {isa = PBXFileReference; lastKnownFileType = sourcecode.swift; path = YaWeatherEntity.swift; sourceTree = "<group>"; };
		943CCCF3262CC92600392DCC /* Constants.swift */ = {isa = PBXFileReference; lastKnownFileType = sourcecode.swift; path = Constants.swift; sourceTree = "<group>"; };
		943CCCFC262CDE9000392DCC /* WeatherInteractor.swift */ = {isa = PBXFileReference; lastKnownFileType = sourcecode.swift; path = WeatherInteractor.swift; sourceTree = "<group>"; };
		943CCD05262CE04800392DCC /* WeatherPresenter.swift */ = {isa = PBXFileReference; lastKnownFileType = sourcecode.swift; path = WeatherPresenter.swift; sourceTree = "<group>"; };
		943CCD0C262D6BB800392DCC /* WeatherConfigurator.swift */ = {isa = PBXFileReference; lastKnownFileType = sourcecode.swift; path = WeatherConfigurator.swift; sourceTree = "<group>"; };
		943CCD15262D716D00392DCC /* WeatherRouter.swift */ = {isa = PBXFileReference; lastKnownFileType = sourcecode.swift; path = WeatherRouter.swift; sourceTree = "<group>"; };
		945DF7C5262E3A7500931126 /* UIViewController+Extension.swift */ = {isa = PBXFileReference; lastKnownFileType = sourcecode.swift; path = "UIViewController+Extension.swift"; sourceTree = "<group>"; };
		94660002262A147B00FC44BC /* AppDelegate.swift */ = {isa = PBXFileReference; lastKnownFileType = sourcecode.swift; path = AppDelegate.swift; sourceTree = "<group>"; };
		94660004262A147B00FC44BC /* SceneDelegate.swift */ = {isa = PBXFileReference; lastKnownFileType = sourcecode.swift; path = SceneDelegate.swift; sourceTree = "<group>"; };
		94660006262A147B00FC44BC /* MainPageViewController.swift */ = {isa = PBXFileReference; lastKnownFileType = sourcecode.swift; path = MainPageViewController.swift; sourceTree = "<group>"; };
		9466000B262A147D00FC44BC /* Assets.xcassets */ = {isa = PBXFileReference; lastKnownFileType = folder.assetcatalog; path = Assets.xcassets; sourceTree = "<group>"; };
		9466000E262A147D00FC44BC /* Base */ = {isa = PBXFileReference; lastKnownFileType = file.storyboard; name = Base; path = Base.lproj/LaunchScreen.storyboard; sourceTree = "<group>"; };
		94660010262A147D00FC44BC /* Info.plist */ = {isa = PBXFileReference; lastKnownFileType = text.plist.xml; path = Info.plist; sourceTree = "<group>"; };
		94660015262A147D00FC44BC /* ya-weatherTests.xctest */ = {isa = PBXFileReference; explicitFileType = wrapper.cfbundle; includeInIndex = 0; path = "ya-weatherTests.xctest"; sourceTree = BUILT_PRODUCTS_DIR; };
		94660019262A147D00FC44BC /* ya_weatherTests.swift */ = {isa = PBXFileReference; lastKnownFileType = sourcecode.swift; path = ya_weatherTests.swift; sourceTree = "<group>"; };
		9466001B262A147D00FC44BC /* Info.plist */ = {isa = PBXFileReference; lastKnownFileType = text.plist.xml; path = Info.plist; sourceTree = "<group>"; };
		94660020262A147D00FC44BC /* ya-weatherUITests.xctest */ = {isa = PBXFileReference; explicitFileType = wrapper.cfbundle; includeInIndex = 0; path = "ya-weatherUITests.xctest"; sourceTree = BUILT_PRODUCTS_DIR; };
		94660024262A147D00FC44BC /* ya_weatherUITests.swift */ = {isa = PBXFileReference; lastKnownFileType = sourcecode.swift; path = ya_weatherUITests.swift; sourceTree = "<group>"; };
		94660026262A147D00FC44BC /* Info.plist */ = {isa = PBXFileReference; lastKnownFileType = text.plist.xml; path = Info.plist; sourceTree = "<group>"; };
		9466FFFF262A147B00FC44BC /* ya-weather.app */ = {isa = PBXFileReference; explicitFileType = wrapper.application; includeInIndex = 0; path = "ya-weather.app"; sourceTree = BUILT_PRODUCTS_DIR; };
		949CFEFA262E22C200072B14 /* MainPagePresenter.swift */ = {isa = PBXFileReference; lastKnownFileType = sourcecode.swift; path = MainPagePresenter.swift; sourceTree = "<group>"; };
		949CFF03262E2BEE00072B14 /* MainPageConfigurator.swift */ = {isa = PBXFileReference; lastKnownFileType = sourcecode.swift; path = MainPageConfigurator.swift; sourceTree = "<group>"; };
/* End PBXFileReference section */

/* Begin PBXFrameworksBuildPhase section */
		94660012262A147D00FC44BC /* Frameworks */ = {
			isa = PBXFrameworksBuildPhase;
			buildActionMask = 2147483647;
			files = (
			);
			runOnlyForDeploymentPostprocessing = 0;
		};
		9466001D262A147D00FC44BC /* Frameworks */ = {
			isa = PBXFrameworksBuildPhase;
			buildActionMask = 2147483647;
			files = (
			);
			runOnlyForDeploymentPostprocessing = 0;
		};
		9466FFFC262A147B00FC44BC /* Frameworks */ = {
			isa = PBXFrameworksBuildPhase;
			buildActionMask = 2147483647;
			files = (
				943CCCEE262CC43300392DCC /* Alamofire in Frameworks */,
			);
			runOnlyForDeploymentPostprocessing = 0;
		};
/* End PBXFrameworksBuildPhase section */

/* Begin PBXGroup section */
		941A0810262A2D4A005D9D54 /* Utils */ = {
			isa = PBXGroup;
			children = (
				941A0811262A2D5E005D9D54 /* UIView+AutoLayout.swift */,
				94393C48262DFAC6003E89CA /* UIEdgeInsets+Extension.swift */,
				94393C4D262DFBF4003E89CA /* Optional+Extension.swift */,
				94393C65262E193D003E89CA /* Date+Extension.swift */,
				945DF7C5262E3A7500931126 /* UIViewController+Extension.swift */,
			);
			path = Utils;
			sourceTree = "<group>";
		};
		941A0819262A3036005D9D54 /* Weather Module */ = {
			isa = PBXGroup;
			children = (
				943CCD14262D716100392DCC /* Router */,
				943CCD0B262D6BA500392DCC /* Configurator */,
				943CCD04262CE03900392DCC /* Presenter */,
				943CCCFB262CDE7C00392DCC /* Interactor */,
				943CCCE6262CC18400392DCC /* Entity */,
				943CCCD8262CC11200392DCC /* Worker */,
				941AA483262B71E3003F20C9 /* View */,
			);
			path = "Weather Module";
			sourceTree = "<group>";
		};
		941AA483262B71E3003F20C9 /* View */ = {
			isa = PBXGroup;
			children = (
				941A081A262A3051005D9D54 /* WeatherCollectionViewController.swift */,
				941AA484262B720A003F20C9 /* WeatherHeaderView.swift */,
				941AA491262B8F84003F20C9 /* HourlyWeatherCollectionViewCell.swift */,
				941AA499262B931F003F20C9 /* HourlyWeatherChildCollectionViewCell.swift */,
				941AA4A7262C4EAC003F20C9 /* DailyWeatherCollectionViewCell.swift */,
				94393C52262E0DA6003E89CA /* WeatherFooterView.swift */,
			);
			path = View;
			sourceTree = "<group>";
		};
		94393C6D262E2016003E89CA /* View */ = {
			isa = PBXGroup;
			children = (
				94660006262A147B00FC44BC /* MainPageViewController.swift */,
			);
			path = View;
			sourceTree = "<group>";
		};
		94393C6E262E2026003E89CA /* Interactor */ = {
			isa = PBXGroup;
			children = (
				94393C6F262E2042003E89CA /* MainPageInteractor.swift */,
			);
			path = Interactor;
			sourceTree = "<group>";
		};
		94393C74262E204E003E89CA /* Core */ = {
			isa = PBXGroup;
			children = (
				94393C7A262E2068003E89CA /* Model */,
			);
			path = Core;
			sourceTree = "<group>";
		};
		94393C7A262E2068003E89CA /* Model */ = {
			isa = PBXGroup;
			children = (
				94393C75262E2056003E89CA /* LatLng.swift */,
			);
			path = Model;
			sourceTree = "<group>";
		};
		943CCCD8262CC11200392DCC /* Worker */ = {
			isa = PBXGroup;
			children = (
				943CCCD9262CC16700392DCC /* YaWeatherAPIWorker.swift */,
			);
			path = Worker;
			sourceTree = "<group>";
		};
		943CCCE6262CC18400392DCC /* Entity */ = {
			isa = PBXGroup;
			children = (
				943CCCE7262CC20A00392DCC /* YaWeatherEntity.swift */,
			);
			path = Entity;
			sourceTree = "<group>";
		};
		943CCCF2262CC8FE00392DCC /* Helper */ = {
			isa = PBXGroup;
			children = (
				943CCCF3262CC92600392DCC /* Constants.swift */,
				94393C43262DA327003E89CA /* APIKeys.swift */,
			);
			path = Helper;
			sourceTree = "<group>";
		};
		943CCCFB262CDE7C00392DCC /* Interactor */ = {
			isa = PBXGroup;
			children = (
				943CCCFC262CDE9000392DCC /* WeatherInteractor.swift */,
			);
			path = Interactor;
			sourceTree = "<group>";
		};
		943CCD04262CE03900392DCC /* Presenter */ = {
			isa = PBXGroup;
			children = (
				943CCD05262CE04800392DCC /* WeatherPresenter.swift */,
			);
			path = Presenter;
			sourceTree = "<group>";
		};
		943CCD0B262D6BA500392DCC /* Configurator */ = {
			isa = PBXGroup;
			children = (
				943CCD0C262D6BB800392DCC /* WeatherConfigurator.swift */,
			);
			path = Configurator;
			sourceTree = "<group>";
		};
		943CCD14262D716100392DCC /* Router */ = {
			isa = PBXGroup;
			children = (
				943CCD15262D716D00392DCC /* WeatherRouter.swift */,
			);
			path = Router;
			sourceTree = "<group>";
		};
		943CCD1D262D729300392DCC /* Main Module */ = {
			isa = PBXGroup;
			children = (
				949CFF02262E2BC000072B14 /* Configurator */,
				949CFEF9262E22B500072B14 /* Presenter */,
				94393C6E262E2026003E89CA /* Interactor */,
				94393C6D262E2016003E89CA /* View */,
			);
			path = "Main Module";
			sourceTree = "<group>";
		};
		94660000262A147B00FC44BC /* Products */ = {
			isa = PBXGroup;
			children = (
				9466FFFF262A147B00FC44BC /* ya-weather.app */,
				94660015262A147D00FC44BC /* ya-weatherTests.xctest */,
				94660020262A147D00FC44BC /* ya-weatherUITests.xctest */,
			);
			name = Products;
			sourceTree = "<group>";
		};
		94660001262A147B00FC44BC /* ya-weather */ = {
			isa = PBXGroup;
			children = (
				94393C74262E204E003E89CA /* Core */,
				943CCCF2262CC8FE00392DCC /* Helper */,
				941A0810262A2D4A005D9D54 /* Utils */,
				9466003D262A1E7A00FC44BC /* Scenes */,
				9466003C262A1E4D00FC44BC /* AppDelegate */,
				9466003B262A1E3300FC44BC /* Resources */,
			);
			path = "ya-weather";
			sourceTree = "<group>";
		};
		94660018262A147D00FC44BC /* ya-weatherTests */ = {
			isa = PBXGroup;
			children = (
				94660019262A147D00FC44BC /* ya_weatherTests.swift */,
				9466001B262A147D00FC44BC /* Info.plist */,
			);
			path = "ya-weatherTests";
			sourceTree = "<group>";
		};
		94660023262A147D00FC44BC /* ya-weatherUITests */ = {
			isa = PBXGroup;
			children = (
				94660024262A147D00FC44BC /* ya_weatherUITests.swift */,
				94660026262A147D00FC44BC /* Info.plist */,
			);
			path = "ya-weatherUITests";
			sourceTree = "<group>";
		};
		9466003B262A1E3300FC44BC /* Resources */ = {
			isa = PBXGroup;
			children = (
				9466000B262A147D00FC44BC /* Assets.xcassets */,
				9466000D262A147D00FC44BC /* LaunchScreen.storyboard */,
				94660010262A147D00FC44BC /* Info.plist */,
			);
			path = Resources;
			sourceTree = "<group>";
		};
		9466003C262A1E4D00FC44BC /* AppDelegate */ = {
			isa = PBXGroup;
			children = (
				94660002262A147B00FC44BC /* AppDelegate.swift */,
				94660004262A147B00FC44BC /* SceneDelegate.swift */,
			);
			path = AppDelegate;
			sourceTree = "<group>";
		};
		9466003D262A1E7A00FC44BC /* Scenes */ = {
			isa = PBXGroup;
			children = (
				943CCD1D262D729300392DCC /* Main Module */,
				941A0819262A3036005D9D54 /* Weather Module */,
			);
			path = Scenes;
			sourceTree = "<group>";
		};
		9466FFF6262A147B00FC44BC = {
			isa = PBXGroup;
			children = (
				94660001262A147B00FC44BC /* ya-weather */,
				94660018262A147D00FC44BC /* ya-weatherTests */,
				94660023262A147D00FC44BC /* ya-weatherUITests */,
				94660000262A147B00FC44BC /* Products */,
			);
			sourceTree = "<group>";
		};
		949CFEF9262E22B500072B14 /* Presenter */ = {
			isa = PBXGroup;
			children = (
				949CFEFA262E22C200072B14 /* MainPagePresenter.swift */,
			);
			path = Presenter;
			sourceTree = "<group>";
		};
		949CFF02262E2BC000072B14 /* Configurator */ = {
			isa = PBXGroup;
			children = (
				949CFF03262E2BEE00072B14 /* MainPageConfigurator.swift */,
			);
			path = Configurator;
			sourceTree = "<group>";
		};
/* End PBXGroup section */

/* Begin PBXNativeTarget section */
		94660014262A147D00FC44BC /* ya-weatherTests */ = {
			isa = PBXNativeTarget;
			buildConfigurationList = 9466002C262A147D00FC44BC /* Build configuration list for PBXNativeTarget "ya-weatherTests" */;
			buildPhases = (
				94660011262A147D00FC44BC /* Sources */,
				94660012262A147D00FC44BC /* Frameworks */,
				94660013262A147D00FC44BC /* Resources */,
			);
			buildRules = (
			);
			dependencies = (
				94660017262A147D00FC44BC /* PBXTargetDependency */,
			);
			name = "ya-weatherTests";
			productName = "ya-weatherTests";
			productReference = 94660015262A147D00FC44BC /* ya-weatherTests.xctest */;
			productType = "com.apple.product-type.bundle.unit-test";
		};
		9466001F262A147D00FC44BC /* ya-weatherUITests */ = {
			isa = PBXNativeTarget;
			buildConfigurationList = 9466002F262A147D00FC44BC /* Build configuration list for PBXNativeTarget "ya-weatherUITests" */;
			buildPhases = (
				9466001C262A147D00FC44BC /* Sources */,
				9466001D262A147D00FC44BC /* Frameworks */,
				9466001E262A147D00FC44BC /* Resources */,
			);
			buildRules = (
			);
			dependencies = (
				94660022262A147D00FC44BC /* PBXTargetDependency */,
			);
			name = "ya-weatherUITests";
			productName = "ya-weatherUITests";
			productReference = 94660020262A147D00FC44BC /* ya-weatherUITests.xctest */;
			productType = "com.apple.product-type.bundle.ui-testing";
		};
		9466FFFE262A147B00FC44BC /* ya-weather */ = {
			isa = PBXNativeTarget;
			buildConfigurationList = 94660029262A147D00FC44BC /* Build configuration list for PBXNativeTarget "ya-weather" */;
			buildPhases = (
				9466FFFB262A147B00FC44BC /* Sources */,
				9466FFFC262A147B00FC44BC /* Frameworks */,
				9466FFFD262A147B00FC44BC /* Resources */,
			);
			buildRules = (
			);
			dependencies = (
			);
			name = "ya-weather";
			packageProductDependencies = (
				943CCCED262CC43300392DCC /* Alamofire */,
			);
			productName = "ya-weather";
			productReference = 9466FFFF262A147B00FC44BC /* ya-weather.app */;
			productType = "com.apple.product-type.application";
		};
/* End PBXNativeTarget section */

/* Begin PBXProject section */
		9466FFF7262A147B00FC44BC /* Project object */ = {
			isa = PBXProject;
			attributes = {
				LastSwiftUpdateCheck = 1240;
				LastUpgradeCheck = 1240;
				TargetAttributes = {
					94660014262A147D00FC44BC = {
						CreatedOnToolsVersion = 12.4;
						TestTargetID = 9466FFFE262A147B00FC44BC;
					};
					9466001F262A147D00FC44BC = {
						CreatedOnToolsVersion = 12.4;
						TestTargetID = 9466FFFE262A147B00FC44BC;
					};
					9466FFFE262A147B00FC44BC = {
						CreatedOnToolsVersion = 12.4;
					};
				};
			};
			buildConfigurationList = 9466FFFA262A147B00FC44BC /* Build configuration list for PBXProject "ya-weather" */;
			compatibilityVersion = "Xcode 9.3";
			developmentRegion = en;
			hasScannedForEncodings = 0;
			knownRegions = (
				en,
				Base,
			);
			mainGroup = 9466FFF6262A147B00FC44BC;
			packageReferences = (
				943CCCEC262CC43300392DCC /* XCRemoteSwiftPackageReference "Alamofire" */,
			);
			productRefGroup = 94660000262A147B00FC44BC /* Products */;
			projectDirPath = "";
			projectRoot = "";
			targets = (
				9466FFFE262A147B00FC44BC /* ya-weather */,
				94660014262A147D00FC44BC /* ya-weatherTests */,
				9466001F262A147D00FC44BC /* ya-weatherUITests */,
			);
		};
/* End PBXProject section */

/* Begin PBXResourcesBuildPhase section */
		94660013262A147D00FC44BC /* Resources */ = {
			isa = PBXResourcesBuildPhase;
			buildActionMask = 2147483647;
			files = (
			);
			runOnlyForDeploymentPostprocessing = 0;
		};
		9466001E262A147D00FC44BC /* Resources */ = {
			isa = PBXResourcesBuildPhase;
			buildActionMask = 2147483647;
			files = (
			);
			runOnlyForDeploymentPostprocessing = 0;
		};
		9466FFFD262A147B00FC44BC /* Resources */ = {
			isa = PBXResourcesBuildPhase;
			buildActionMask = 2147483647;
			files = (
				9466000F262A147D00FC44BC /* LaunchScreen.storyboard in Resources */,
				9466000C262A147D00FC44BC /* Assets.xcassets in Resources */,
			);
			runOnlyForDeploymentPostprocessing = 0;
		};
/* End PBXResourcesBuildPhase section */

/* Begin PBXSourcesBuildPhase section */
		94660011262A147D00FC44BC /* Sources */ = {
			isa = PBXSourcesBuildPhase;
			buildActionMask = 2147483647;
			files = (
				9466001A262A147D00FC44BC /* ya_weatherTests.swift in Sources */,
			);
			runOnlyForDeploymentPostprocessing = 0;
		};
		9466001C262A147D00FC44BC /* Sources */ = {
			isa = PBXSourcesBuildPhase;
			buildActionMask = 2147483647;
			files = (
				94660025262A147D00FC44BC /* ya_weatherUITests.swift in Sources */,
			);
			runOnlyForDeploymentPostprocessing = 0;
		};
		9466FFFB262A147B00FC44BC /* Sources */ = {
			isa = PBXSourcesBuildPhase;
			buildActionMask = 2147483647;
			files = (
				943CCD0D262D6BB800392DCC /* WeatherConfigurator.swift in Sources */,
				94660007262A147B00FC44BC /* MainPageViewController.swift in Sources */,
				94393C53262E0DA6003E89CA /* WeatherFooterView.swift in Sources */,
				94393C4E262DFBF4003E89CA /* Optional+Extension.swift in Sources */,
				943CCCFD262CDE9000392DCC /* WeatherInteractor.swift in Sources */,
				941AA492262B8F84003F20C9 /* HourlyWeatherCollectionViewCell.swift in Sources */,
				941A0812262A2D5E005D9D54 /* UIView+AutoLayout.swift in Sources */,
				94660003262A147B00FC44BC /* AppDelegate.swift in Sources */,
				94393C49262DFAC6003E89CA /* UIEdgeInsets+Extension.swift in Sources */,
				941A081B262A3051005D9D54 /* WeatherCollectionViewController.swift in Sources */,
				94393C70262E2042003E89CA /* MainPageInteractor.swift in Sources */,
				94393C76262E2056003E89CA /* LatLng.swift in Sources */,
				949CFEFB262E22C200072B14 /* MainPagePresenter.swift in Sources */,
				94393C44262DA327003E89CA /* APIKeys.swift in Sources */,
				945DF7C6262E3A7500931126 /* UIViewController+Extension.swift in Sources */,
				94393C66262E193D003E89CA /* Date+Extension.swift in Sources */,
				941AA49A262B931F003F20C9 /* HourlyWeatherChildCollectionViewCell.swift in Sources */,
				941AA485262B720A003F20C9 /* WeatherHeaderView.swift in Sources */,
				943CCCE8262CC20A00392DCC /* YaWeatherEntity.swift in Sources */,
				943CCD06262CE04800392DCC /* WeatherPresenter.swift in Sources */,
				941AA4A8262C4EAC003F20C9 /* DailyWeatherCollectionViewCell.swift in Sources */,
				94660005262A147B00FC44BC /* SceneDelegate.swift in Sources */,
				949CFF04262E2BEE00072B14 /* MainPageConfigurator.swift in Sources */,
				943CCCDA262CC16700392DCC /* YaWeatherAPIWorker.swift in Sources */,
				943CCCF4262CC92600392DCC /* Constants.swift in Sources */,
				943CCD16262D716D00392DCC /* WeatherRouter.swift in Sources */,
			);
			runOnlyForDeploymentPostprocessing = 0;
		};
/* End PBXSourcesBuildPhase section */

/* Begin PBXTargetDependency section */
		94660017262A147D00FC44BC /* PBXTargetDependency */ = {
			isa = PBXTargetDependency;
			target = 9466FFFE262A147B00FC44BC /* ya-weather */;
			targetProxy = 94660016262A147D00FC44BC /* PBXContainerItemProxy */;
		};
		94660022262A147D00FC44BC /* PBXTargetDependency */ = {
			isa = PBXTargetDependency;
			target = 9466FFFE262A147B00FC44BC /* ya-weather */;
			targetProxy = 94660021262A147D00FC44BC /* PBXContainerItemProxy */;
		};
/* End PBXTargetDependency section */

/* Begin PBXVariantGroup section */
		9466000D262A147D00FC44BC /* LaunchScreen.storyboard */ = {
			isa = PBXVariantGroup;
			children = (
				9466000E262A147D00FC44BC /* Base */,
			);
			name = LaunchScreen.storyboard;
			sourceTree = "<group>";
		};
/* End PBXVariantGroup section */

/* Begin XCBuildConfiguration section */
		94660027262A147D00FC44BC /* Debug */ = {
			isa = XCBuildConfiguration;
			buildSettings = {
				ALWAYS_SEARCH_USER_PATHS = NO;
				CLANG_ANALYZER_NONNULL = YES;
				CLANG_ANALYZER_NUMBER_OBJECT_CONVERSION = YES_AGGRESSIVE;
				CLANG_CXX_LANGUAGE_STANDARD = "gnu++14";
				CLANG_CXX_LIBRARY = "libc++";
				CLANG_ENABLE_MODULES = YES;
				CLANG_ENABLE_OBJC_ARC = YES;
				CLANG_ENABLE_OBJC_WEAK = YES;
				CLANG_WARN_BLOCK_CAPTURE_AUTORELEASING = YES;
				CLANG_WARN_BOOL_CONVERSION = YES;
				CLANG_WARN_COMMA = YES;
				CLANG_WARN_CONSTANT_CONVERSION = YES;
				CLANG_WARN_DEPRECATED_OBJC_IMPLEMENTATIONS = YES;
				CLANG_WARN_DIRECT_OBJC_ISA_USAGE = YES_ERROR;
				CLANG_WARN_DOCUMENTATION_COMMENTS = YES;
				CLANG_WARN_EMPTY_BODY = YES;
				CLANG_WARN_ENUM_CONVERSION = YES;
				CLANG_WARN_INFINITE_RECURSION = YES;
				CLANG_WARN_INT_CONVERSION = YES;
				CLANG_WARN_NON_LITERAL_NULL_CONVERSION = YES;
				CLANG_WARN_OBJC_IMPLICIT_RETAIN_SELF = YES;
				CLANG_WARN_OBJC_LITERAL_CONVERSION = YES;
				CLANG_WARN_OBJC_ROOT_CLASS = YES_ERROR;
				CLANG_WARN_QUOTED_INCLUDE_IN_FRAMEWORK_HEADER = YES;
				CLANG_WARN_RANGE_LOOP_ANALYSIS = YES;
				CLANG_WARN_STRICT_PROTOTYPES = YES;
				CLANG_WARN_SUSPICIOUS_MOVE = YES;
				CLANG_WARN_UNGUARDED_AVAILABILITY = YES_AGGRESSIVE;
				CLANG_WARN_UNREACHABLE_CODE = YES;
				CLANG_WARN__DUPLICATE_METHOD_MATCH = YES;
				COPY_PHASE_STRIP = NO;
				DEBUG_INFORMATION_FORMAT = dwarf;
				ENABLE_STRICT_OBJC_MSGSEND = YES;
				ENABLE_TESTABILITY = YES;
				GCC_C_LANGUAGE_STANDARD = gnu11;
				GCC_DYNAMIC_NO_PIC = NO;
				GCC_NO_COMMON_BLOCKS = YES;
				GCC_OPTIMIZATION_LEVEL = 0;
				GCC_PREPROCESSOR_DEFINITIONS = (
					"DEBUG=1",
					"$(inherited)",
				);
				GCC_WARN_64_TO_32_BIT_CONVERSION = YES;
				GCC_WARN_ABOUT_RETURN_TYPE = YES_ERROR;
				GCC_WARN_UNDECLARED_SELECTOR = YES;
				GCC_WARN_UNINITIALIZED_AUTOS = YES_AGGRESSIVE;
				GCC_WARN_UNUSED_FUNCTION = YES;
				GCC_WARN_UNUSED_VARIABLE = YES;
				IPHONEOS_DEPLOYMENT_TARGET = 13.7;
				MTL_ENABLE_DEBUG_INFO = INCLUDE_SOURCE;
				MTL_FAST_MATH = YES;
				ONLY_ACTIVE_ARCH = YES;
				SDKROOT = iphoneos;
				SWIFT_ACTIVE_COMPILATION_CONDITIONS = DEBUG;
				SWIFT_OPTIMIZATION_LEVEL = "-Onone";
			};
			name = Debug;
		};
		94660028262A147D00FC44BC /* Release */ = {
			isa = XCBuildConfiguration;
			buildSettings = {
				ALWAYS_SEARCH_USER_PATHS = NO;
				CLANG_ANALYZER_NONNULL = YES;
				CLANG_ANALYZER_NUMBER_OBJECT_CONVERSION = YES_AGGRESSIVE;
				CLANG_CXX_LANGUAGE_STANDARD = "gnu++14";
				CLANG_CXX_LIBRARY = "libc++";
				CLANG_ENABLE_MODULES = YES;
				CLANG_ENABLE_OBJC_ARC = YES;
				CLANG_ENABLE_OBJC_WEAK = YES;
				CLANG_WARN_BLOCK_CAPTURE_AUTORELEASING = YES;
				CLANG_WARN_BOOL_CONVERSION = YES;
				CLANG_WARN_COMMA = YES;
				CLANG_WARN_CONSTANT_CONVERSION = YES;
				CLANG_WARN_DEPRECATED_OBJC_IMPLEMENTATIONS = YES;
				CLANG_WARN_DIRECT_OBJC_ISA_USAGE = YES_ERROR;
				CLANG_WARN_DOCUMENTATION_COMMENTS = YES;
				CLANG_WARN_EMPTY_BODY = YES;
				CLANG_WARN_ENUM_CONVERSION = YES;
				CLANG_WARN_INFINITE_RECURSION = YES;
				CLANG_WARN_INT_CONVERSION = YES;
				CLANG_WARN_NON_LITERAL_NULL_CONVERSION = YES;
				CLANG_WARN_OBJC_IMPLICIT_RETAIN_SELF = YES;
				CLANG_WARN_OBJC_LITERAL_CONVERSION = YES;
				CLANG_WARN_OBJC_ROOT_CLASS = YES_ERROR;
				CLANG_WARN_QUOTED_INCLUDE_IN_FRAMEWORK_HEADER = YES;
				CLANG_WARN_RANGE_LOOP_ANALYSIS = YES;
				CLANG_WARN_STRICT_PROTOTYPES = YES;
				CLANG_WARN_SUSPICIOUS_MOVE = YES;
				CLANG_WARN_UNGUARDED_AVAILABILITY = YES_AGGRESSIVE;
				CLANG_WARN_UNREACHABLE_CODE = YES;
				CLANG_WARN__DUPLICATE_METHOD_MATCH = YES;
				COPY_PHASE_STRIP = NO;
				DEBUG_INFORMATION_FORMAT = "dwarf-with-dsym";
				ENABLE_NS_ASSERTIONS = NO;
				ENABLE_STRICT_OBJC_MSGSEND = YES;
				GCC_C_LANGUAGE_STANDARD = gnu11;
				GCC_NO_COMMON_BLOCKS = YES;
				GCC_WARN_64_TO_32_BIT_CONVERSION = YES;
				GCC_WARN_ABOUT_RETURN_TYPE = YES_ERROR;
				GCC_WARN_UNDECLARED_SELECTOR = YES;
				GCC_WARN_UNINITIALIZED_AUTOS = YES_AGGRESSIVE;
				GCC_WARN_UNUSED_FUNCTION = YES;
				GCC_WARN_UNUSED_VARIABLE = YES;
				IPHONEOS_DEPLOYMENT_TARGET = 13.7;
				MTL_ENABLE_DEBUG_INFO = NO;
				MTL_FAST_MATH = YES;
				SDKROOT = iphoneos;
				SWIFT_COMPILATION_MODE = wholemodule;
				SWIFT_OPTIMIZATION_LEVEL = "-O";
				VALIDATE_PRODUCT = YES;
			};
			name = Release;
		};
		9466002A262A147D00FC44BC /* Debug */ = {
			isa = XCBuildConfiguration;
			buildSettings = {
				ASSETCATALOG_COMPILER_APPICON_NAME = AppIcon;
				ASSETCATALOG_COMPILER_GLOBAL_ACCENT_COLOR_NAME = AccentColor;
				CODE_SIGN_STYLE = Automatic;
				DEVELOPMENT_TEAM = 69VBC5A6T4;
				INFOPLIST_FILE = "ya-weather/Resources/Info.plist";
				IPHONEOS_DEPLOYMENT_TARGET = 13.3;
				LD_RUNPATH_SEARCH_PATHS = (
					"$(inherited)",
					"@executable_path/Frameworks",
				);
				PRODUCT_BUNDLE_IDENTIFIER = "yerdikul.ya-weatherr";
				PRODUCT_NAME = "$(TARGET_NAME)";
				SWIFT_VERSION = 5.0;
				TARGETED_DEVICE_FAMILY = "1,2";
			};
			name = Debug;
		};
		9466002B262A147D00FC44BC /* Release */ = {
			isa = XCBuildConfiguration;
			buildSettings = {
				ASSETCATALOG_COMPILER_APPICON_NAME = AppIcon;
				ASSETCATALOG_COMPILER_GLOBAL_ACCENT_COLOR_NAME = AccentColor;
				CODE_SIGN_STYLE = Automatic;
				DEVELOPMENT_TEAM = SPCTV8PHHU;
				INFOPLIST_FILE = "ya-weather/Resources/Info.plist";
				IPHONEOS_DEPLOYMENT_TARGET = 13.3;
				LD_RUNPATH_SEARCH_PATHS = (
					"$(inherited)",
					"@executable_path/Frameworks",
				);
				PRODUCT_BUNDLE_IDENTIFIER = "yerdikul.ya-weather";
				PRODUCT_NAME = "$(TARGET_NAME)";
				SWIFT_VERSION = 5.0;
				TARGETED_DEVICE_FAMILY = "1,2";
			};
			name = Release;
		};
		9466002D262A147D00FC44BC /* Debug */ = {
			isa = XCBuildConfiguration;
			buildSettings = {
				ALWAYS_EMBED_SWIFT_STANDARD_LIBRARIES = YES;
				BUNDLE_LOADER = "$(TEST_HOST)";
				CODE_SIGN_STYLE = Automatic;
				DEVELOPMENT_TEAM = SPCTV8PHHU;
				INFOPLIST_FILE = "ya-weatherTests/Info.plist";
				IPHONEOS_DEPLOYMENT_TARGET = 13.7;
				LD_RUNPATH_SEARCH_PATHS = (
					"$(inherited)",
					"@executable_path/Frameworks",
					"@loader_path/Frameworks",
				);
				PRODUCT_BUNDLE_IDENTIFIER = "yerdikul.ya-weatherTests";
				PRODUCT_NAME = "$(TARGET_NAME)";
				SWIFT_VERSION = 5.0;
				TARGETED_DEVICE_FAMILY = "1,2";
				TEST_HOST = "$(BUILT_PRODUCTS_DIR)/ya-weather.app/ya-weather";
			};
			name = Debug;
		};
		9466002E262A147D00FC44BC /* Release */ = {
			isa = XCBuildConfiguration;
			buildSettings = {
				ALWAYS_EMBED_SWIFT_STANDARD_LIBRARIES = YES;
				BUNDLE_LOADER = "$(TEST_HOST)";
				CODE_SIGN_STYLE = Automatic;
				DEVELOPMENT_TEAM = SPCTV8PHHU;
				INFOPLIST_FILE = "ya-weatherTests/Info.plist";
				IPHONEOS_DEPLOYMENT_TARGET = 13.7;
				LD_RUNPATH_SEARCH_PATHS = (
					"$(inherited)",
					"@executable_path/Frameworks",
					"@loader_path/Frameworks",
				);
				PRODUCT_BUNDLE_IDENTIFIER = "yerdikul.ya-weatherTests";
				PRODUCT_NAME = "$(TARGET_NAME)";
				SWIFT_VERSION = 5.0;
				TARGETED_DEVICE_FAMILY = "1,2";
				TEST_HOST = "$(BUILT_PRODUCTS_DIR)/ya-weather.app/ya-weather";
			};
			name = Release;
		};
		94660030262A147D00FC44BC /* Debug */ = {
			isa = XCBuildConfiguration;
			buildSettings = {
				ALWAYS_EMBED_SWIFT_STANDARD_LIBRARIES = YES;
				CODE_SIGN_STYLE = Automatic;
				DEVELOPMENT_TEAM = SPCTV8PHHU;
				INFOPLIST_FILE = "ya-weatherUITests/Info.plist";
				IPHONEOS_DEPLOYMENT_TARGET = 13.7;
				LD_RUNPATH_SEARCH_PATHS = (
					"$(inherited)",
					"@executable_path/Frameworks",
					"@loader_path/Frameworks",
				);
				PRODUCT_BUNDLE_IDENTIFIER = "yerdikul.ya-weatherUITests";
				PRODUCT_NAME = "$(TARGET_NAME)";
				SWIFT_VERSION = 5.0;
				TARGETED_DEVICE_FAMILY = "1,2";
				TEST_TARGET_NAME = "ya-weather";
			};
			name = Debug;
		};
		94660031262A147D00FC44BC /* Release */ = {
			isa = XCBuildConfiguration;
			buildSettings = {
				ALWAYS_EMBED_SWIFT_STANDARD_LIBRARIES = YES;
				CODE_SIGN_STYLE = Automatic;
				DEVELOPMENT_TEAM = SPCTV8PHHU;
				INFOPLIST_FILE = "ya-weatherUITests/Info.plist";
				IPHONEOS_DEPLOYMENT_TARGET = 13.7;
				LD_RUNPATH_SEARCH_PATHS = (
					"$(inherited)",
					"@executable_path/Frameworks",
					"@loader_path/Frameworks",
				);
				PRODUCT_BUNDLE_IDENTIFIER = "yerdikul.ya-weatherUITests";
				PRODUCT_NAME = "$(TARGET_NAME)";
				SWIFT_VERSION = 5.0;
				TARGETED_DEVICE_FAMILY = "1,2";
				TEST_TARGET_NAME = "ya-weather";
			};
			name = Release;
		};
/* End XCBuildConfiguration section */

/* Begin XCConfigurationList section */
		94660029262A147D00FC44BC /* Build configuration list for PBXNativeTarget "ya-weather" */ = {
			isa = XCConfigurationList;
			buildConfigurations = (
				9466002A262A147D00FC44BC /* Debug */,
				9466002B262A147D00FC44BC /* Release */,
			);
			defaultConfigurationIsVisible = 0;
			defaultConfigurationName = Release;
		};
		9466002C262A147D00FC44BC /* Build configuration list for PBXNativeTarget "ya-weatherTests" */ = {
			isa = XCConfigurationList;
			buildConfigurations = (
				9466002D262A147D00FC44BC /* Debug */,
				9466002E262A147D00FC44BC /* Release */,
			);
			defaultConfigurationIsVisible = 0;
			defaultConfigurationName = Release;
		};
		9466002F262A147D00FC44BC /* Build configuration list for PBXNativeTarget "ya-weatherUITests" */ = {
			isa = XCConfigurationList;
			buildConfigurations = (
				94660030262A147D00FC44BC /* Debug */,
				94660031262A147D00FC44BC /* Release */,
			);
			defaultConfigurationIsVisible = 0;
			defaultConfigurationName = Release;
		};
		9466FFFA262A147B00FC44BC /* Build configuration list for PBXProject "ya-weather" */ = {
			isa = XCConfigurationList;
			buildConfigurations = (
				94660027262A147D00FC44BC /* Debug */,
				94660028262A147D00FC44BC /* Release */,
			);
			defaultConfigurationIsVisible = 0;
			defaultConfigurationName = Release;
		};
/* End XCConfigurationList section */

/* Begin XCRemoteSwiftPackageReference section */
		943CCCEC262CC43300392DCC /* XCRemoteSwiftPackageReference "Alamofire" */ = {
			isa = XCRemoteSwiftPackageReference;
			repositoryURL = "https://github.com/Alamofire/Alamofire.git";
			requirement = {
				kind = exactVersion;
				version = 5.2.0;
			};
		};
/* End XCRemoteSwiftPackageReference section */

/* Begin XCSwiftPackageProductDependency section */
		943CCCED262CC43300392DCC /* Alamofire */ = {
			isa = XCSwiftPackageProductDependency;
			package = 943CCCEC262CC43300392DCC /* XCRemoteSwiftPackageReference "Alamofire" */;
			productName = Alamofire;
		};
/* End XCSwiftPackageProductDependency section */
	};
	rootObject = 9466FFF7262A147B00FC44BC /* Project object */;
}
