// !$*UTF8*$!
{
	archiveVersion = 1;
	classes = {
	};
	objectVersion = 51;
	objects = {

/* Begin PBXBuildFile section */
		4FFF730A2629598B007EE5E3 /* AppDelegate.swift in Sources */ = {isa = PBXBuildFile; fileRef = 4FFF73092629598B007EE5E3 /* AppDelegate.swift */; };
		4FFF73132629598D007EE5E3 /* Assets.xcassets in Resources */ = {isa = PBXBuildFile; fileRef = 4FFF73122629598D007EE5E3 /* Assets.xcassets */; };
		4FFF73162629598D007EE5E3 /* LaunchScreen.storyboard in Resources */ = {isa = PBXBuildFile; fileRef = 4FFF73142629598D007EE5E3 /* LaunchScreen.storyboard */; };
		4FFF733026295AC3007EE5E3 /* WeatherTarget.swift in Sources */ = {isa = PBXBuildFile; fileRef = 4FFF732F26295AC3007EE5E3 /* WeatherTarget.swift */; };
		4FFF733326295ACA007EE5E3 /* URLPath.swift in Sources */ = {isa = PBXBuildFile; fileRef = 4FFF733226295ACA007EE5E3 /* URLPath.swift */; };
		4FFF733626295AD5007EE5E3 /* HTTPHeader.swift in Sources */ = {isa = PBXBuildFile; fileRef = 4FFF733526295AD5007EE5E3 /* HTTPHeader.swift */; };
		4FFF733926295ADD007EE5E3 /* HTTPTarget.swift in Sources */ = {isa = PBXBuildFile; fileRef = 4FFF733826295ADD007EE5E3 /* HTTPTarget.swift */; };
		4FFF733D26295B32007EE5E3 /* Constants.swift in Sources */ = {isa = PBXBuildFile; fileRef = 4FFF733C26295B32007EE5E3 /* Constants.swift */; };
		4FFF734026295D34007EE5E3 /* WeatherRepository.swift in Sources */ = {isa = PBXBuildFile; fileRef = 4FFF733F26295D34007EE5E3 /* WeatherRepository.swift */; };
		4FFF738C262D6D96007EE5E3 /* NetworkManager.swift in Sources */ = {isa = PBXBuildFile; fileRef = 4FFF738B262D6D96007EE5E3 /* NetworkManager.swift */; };
		4FFF739C262D7058007EE5E3 /* WeatherInteractor.swift in Sources */ = {isa = PBXBuildFile; fileRef = 4FFF739B262D7058007EE5E3 /* WeatherInteractor.swift */; };
		4FFF73A0262D7091007EE5E3 /* WeatherPresenter.swift in Sources */ = {isa = PBXBuildFile; fileRef = 4FFF739F262D7091007EE5E3 /* WeatherPresenter.swift */; };
		4FFF73A4262D7152007EE5E3 /* RequestCancellable.swift in Sources */ = {isa = PBXBuildFile; fileRef = 4FFF73A3262D7152007EE5E3 /* RequestCancellable.swift */; };
		4FFF73A8262D7192007EE5E3 /* RepositoryTask.swift in Sources */ = {isa = PBXBuildFile; fileRef = 4FFF73A7262D7192007EE5E3 /* RepositoryTask.swift */; };
		4FFF73AC262D7271007EE5E3 /* WeatherView.swift in Sources */ = {isa = PBXBuildFile; fileRef = 4FFF73AB262D7271007EE5E3 /* WeatherView.swift */; };
		4FFF73B1262D7309007EE5E3 /* WeatherModel.swift in Sources */ = {isa = PBXBuildFile; fileRef = 4FFF73B0262D7309007EE5E3 /* WeatherModel.swift */; };
		4FFF73B5262D73C0007EE5E3 /* Temperature.swift in Sources */ = {isa = PBXBuildFile; fileRef = 4FFF73B4262D73C0007EE5E3 /* Temperature.swift */; };
		4FFF73B9262D76EC007EE5E3 /* WeatherTableViewCell.swift in Sources */ = {isa = PBXBuildFile; fileRef = 4FFF73B8262D76EC007EE5E3 /* WeatherTableViewCell.swift */; };
		4FFF73CA262D78AB007EE5E3 /* R.generated.swift in Sources */ = {isa = PBXBuildFile; fileRef = 4FFF73C9262D78AB007EE5E3 /* R.generated.swift */; };
		4FFF73CE262D7901007EE5E3 /* TempView.swift in Sources */ = {isa = PBXBuildFile; fileRef = 4FFF73CD262D7901007EE5E3 /* TempView.swift */; };
		4FFF73D2262D7B24007EE5E3 /* Double+.swift in Sources */ = {isa = PBXBuildFile; fileRef = 4FFF73D1262D7B24007EE5E3 /* Double+.swift */; };
		4FFF73D6262D7B28007EE5E3 /* Date+.swift in Sources */ = {isa = PBXBuildFile; fileRef = 4FFF73D5262D7B28007EE5E3 /* Date+.swift */; };
		4FFF73D9262D7E08007EE5E3 /* DIContainer.swift in Sources */ = {isa = PBXBuildFile; fileRef = 4FFF73D8262D7E08007EE5E3 /* DIContainer.swift */; };
		4FFF73DC262D8008007EE5E3 /* City.swift in Sources */ = {isa = PBXBuildFile; fileRef = 4FFF73DB262D8008007EE5E3 /* City.swift */; };
		4FFF73E0262D857F007EE5E3 /* WeatherRouter.swift in Sources */ = {isa = PBXBuildFile; fileRef = 4FFF73DF262D857F007EE5E3 /* WeatherRouter.swift */; };
		791A078E28A2EC70530A0337 /* Pods_Weather.framework in Frameworks */ = {isa = PBXBuildFile; fileRef = F110085D06DEFA13594E11B8 /* Pods_Weather.framework */; };
/* End PBXBuildFile section */

/* Begin PBXFileReference section */
		05DB16C1FB23D5ACFAF3D879 /* Pods-Weather.debug.xcconfig */ = {isa = PBXFileReference; includeInIndex = 1; lastKnownFileType = text.xcconfig; name = "Pods-Weather.debug.xcconfig"; path = "Target Support Files/Pods-Weather/Pods-Weather.debug.xcconfig"; sourceTree = "<group>"; };
		4FFF73062629598B007EE5E3 /* Weather.app */ = {isa = PBXFileReference; explicitFileType = wrapper.application; includeInIndex = 0; path = Weather.app; sourceTree = BUILT_PRODUCTS_DIR; };
		4FFF73092629598B007EE5E3 /* AppDelegate.swift */ = {isa = PBXFileReference; lastKnownFileType = sourcecode.swift; path = AppDelegate.swift; sourceTree = "<group>"; };
		4FFF73122629598D007EE5E3 /* Assets.xcassets */ = {isa = PBXFileReference; lastKnownFileType = folder.assetcatalog; path = Assets.xcassets; sourceTree = "<group>"; };
		4FFF73152629598D007EE5E3 /* Base */ = {isa = PBXFileReference; lastKnownFileType = file.storyboard; name = Base; path = Base.lproj/LaunchScreen.storyboard; sourceTree = "<group>"; };
		4FFF73172629598D007EE5E3 /* Info.plist */ = {isa = PBXFileReference; lastKnownFileType = text.plist.xml; path = Info.plist; sourceTree = "<group>"; };
		4FFF732F26295AC3007EE5E3 /* WeatherTarget.swift */ = {isa = PBXFileReference; lastKnownFileType = sourcecode.swift; path = WeatherTarget.swift; sourceTree = "<group>"; };
		4FFF733226295ACA007EE5E3 /* URLPath.swift */ = {isa = PBXFileReference; lastKnownFileType = sourcecode.swift; path = URLPath.swift; sourceTree = "<group>"; };
		4FFF733526295AD5007EE5E3 /* HTTPHeader.swift */ = {isa = PBXFileReference; lastKnownFileType = sourcecode.swift; path = HTTPHeader.swift; sourceTree = "<group>"; };
		4FFF733826295ADD007EE5E3 /* HTTPTarget.swift */ = {isa = PBXFileReference; lastKnownFileType = sourcecode.swift; path = HTTPTarget.swift; sourceTree = "<group>"; };
		4FFF733C26295B32007EE5E3 /* Constants.swift */ = {isa = PBXFileReference; lastKnownFileType = sourcecode.swift; path = Constants.swift; sourceTree = "<group>"; };
		4FFF733F26295D34007EE5E3 /* WeatherRepository.swift */ = {isa = PBXFileReference; lastKnownFileType = sourcecode.swift; path = WeatherRepository.swift; sourceTree = "<group>"; };
		4FFF738B262D6D96007EE5E3 /* NetworkManager.swift */ = {isa = PBXFileReference; lastKnownFileType = sourcecode.swift; path = NetworkManager.swift; sourceTree = "<group>"; };
		4FFF739B262D7058007EE5E3 /* WeatherInteractor.swift */ = {isa = PBXFileReference; lastKnownFileType = sourcecode.swift; path = WeatherInteractor.swift; sourceTree = "<group>"; };
		4FFF739F262D7091007EE5E3 /* WeatherPresenter.swift */ = {isa = PBXFileReference; lastKnownFileType = sourcecode.swift; path = WeatherPresenter.swift; sourceTree = "<group>"; };
		4FFF73A3262D7152007EE5E3 /* RequestCancellable.swift */ = {isa = PBXFileReference; lastKnownFileType = sourcecode.swift; path = RequestCancellable.swift; sourceTree = "<group>"; };
		4FFF73A7262D7192007EE5E3 /* RepositoryTask.swift */ = {isa = PBXFileReference; lastKnownFileType = sourcecode.swift; path = RepositoryTask.swift; sourceTree = "<group>"; };
		4FFF73AB262D7271007EE5E3 /* WeatherView.swift */ = {isa = PBXFileReference; lastKnownFileType = sourcecode.swift; path = WeatherView.swift; sourceTree = "<group>"; };
		4FFF73B0262D7309007EE5E3 /* WeatherModel.swift */ = {isa = PBXFileReference; lastKnownFileType = sourcecode.swift; path = WeatherModel.swift; sourceTree = "<group>"; };
		4FFF73B4262D73C0007EE5E3 /* Temperature.swift */ = {isa = PBXFileReference; lastKnownFileType = sourcecode.swift; path = Temperature.swift; sourceTree = "<group>"; };
		4FFF73B8262D76EC007EE5E3 /* WeatherTableViewCell.swift */ = {isa = PBXFileReference; lastKnownFileType = sourcecode.swift; path = WeatherTableViewCell.swift; sourceTree = "<group>"; };
		4FFF73C9262D78AB007EE5E3 /* R.generated.swift */ = {isa = PBXFileReference; fileEncoding = 4; lastKnownFileType = sourcecode.swift; path = R.generated.swift; sourceTree = "<group>"; };
		4FFF73CD262D7901007EE5E3 /* TempView.swift */ = {isa = PBXFileReference; lastKnownFileType = sourcecode.swift; path = TempView.swift; sourceTree = "<group>"; };
		4FFF73D1262D7B24007EE5E3 /* Double+.swift */ = {isa = PBXFileReference; lastKnownFileType = sourcecode.swift; path = "Double+.swift"; sourceTree = "<group>"; };
		4FFF73D5262D7B28007EE5E3 /* Date+.swift */ = {isa = PBXFileReference; lastKnownFileType = sourcecode.swift; path = "Date+.swift"; sourceTree = "<group>"; };
		4FFF73D8262D7E08007EE5E3 /* DIContainer.swift */ = {isa = PBXFileReference; lastKnownFileType = sourcecode.swift; path = DIContainer.swift; sourceTree = "<group>"; };
		4FFF73DB262D8008007EE5E3 /* City.swift */ = {isa = PBXFileReference; lastKnownFileType = sourcecode.swift; path = City.swift; sourceTree = "<group>"; };
		4FFF73DF262D857F007EE5E3 /* WeatherRouter.swift */ = {isa = PBXFileReference; lastKnownFileType = sourcecode.swift; path = WeatherRouter.swift; sourceTree = "<group>"; };
		DF03A7CEF4735C39FAA2AE10 /* Pods-Weather.release.xcconfig */ = {isa = PBXFileReference; includeInIndex = 1; lastKnownFileType = text.xcconfig; name = "Pods-Weather.release.xcconfig"; path = "Target Support Files/Pods-Weather/Pods-Weather.release.xcconfig"; sourceTree = "<group>"; };
		F110085D06DEFA13594E11B8 /* Pods_Weather.framework */ = {isa = PBXFileReference; explicitFileType = wrapper.framework; includeInIndex = 0; path = Pods_Weather.framework; sourceTree = BUILT_PRODUCTS_DIR; };
/* End PBXFileReference section */

/* Begin PBXFrameworksBuildPhase section */
		4FFF73032629598B007EE5E3 /* Frameworks */ = {
			isa = PBXFrameworksBuildPhase;
			buildActionMask = 2147483647;
			files = (
				791A078E28A2EC70530A0337 /* Pods_Weather.framework in Frameworks */,
			);
			runOnlyForDeploymentPostprocessing = 0;
		};
/* End PBXFrameworksBuildPhase section */

/* Begin PBXGroup section */
		2D2041CDC4DD9B1B420684D4 /* Pods */ = {
			isa = PBXGroup;
			children = (
				05DB16C1FB23D5ACFAF3D879 /* Pods-Weather.debug.xcconfig */,
				DF03A7CEF4735C39FAA2AE10 /* Pods-Weather.release.xcconfig */,
			);
			path = Pods;
			sourceTree = "<group>";
		};
		4FFF72FD2629598B007EE5E3 = {
			isa = PBXGroup;
			children = (
				4FFF73082629598B007EE5E3 /* Weather */,
				4FFF73072629598B007EE5E3 /* Products */,
				2D2041CDC4DD9B1B420684D4 /* Pods */,
				7E5A9A89E0FB3DBB124AA314 /* Frameworks */,
			);
			sourceTree = "<group>";
		};
		4FFF73072629598B007EE5E3 /* Products */ = {
			isa = PBXGroup;
			children = (
				4FFF73062629598B007EE5E3 /* Weather.app */,
			);
			name = Products;
			sourceTree = "<group>";
		};
		4FFF73082629598B007EE5E3 /* Weather */ = {
			isa = PBXGroup;
			children = (
				4FFF733B26295B26007EE5E3 /* Application */,
				4FFF73AE262D72F3007EE5E3 /* Models */,
				4FFF7396262D7008007EE5E3 /* Modules */,
				4FFF732A26295A66007EE5E3 /* Services */,
				4FFF73A2262D7141007EE5E3 /* Common */,
				4FFF73D0262D7B14007EE5E3 /* Extensions */,
				4FFF73BC262D778C007EE5E3 /* Resources */,
			);
			path = Weather;
			sourceTree = "<group>";
		};
		4FFF732A26295A66007EE5E3 /* Services */ = {
			isa = PBXGroup;
			children = (
				4FFF732B26295A6A007EE5E3 /* Networking */,
			);
			path = Services;
			sourceTree = "<group>";
		};
		4FFF732B26295A6A007EE5E3 /* Networking */ = {
			isa = PBXGroup;
			children = (
				4FFF73A6262D7186007EE5E3 /* Utils */,
				4FFF732E26295A7C007EE5E3 /* Repository */,
				4FFF732D26295A78007EE5E3 /* Service */,
				4FFF732C26295A6E007EE5E3 /* Targets */,
			);
			path = Networking;
			sourceTree = "<group>";
		};
		4FFF732C26295A6E007EE5E3 /* Targets */ = {
			isa = PBXGroup;
			children = (
				4FFF732F26295AC3007EE5E3 /* WeatherTarget.swift */,
			);
			path = Targets;
			sourceTree = "<group>";
		};
		4FFF732D26295A78007EE5E3 /* Service */ = {
			isa = PBXGroup;
			children = (
				4FFF733226295ACA007EE5E3 /* URLPath.swift */,
				4FFF733526295AD5007EE5E3 /* HTTPHeader.swift */,
				4FFF733826295ADD007EE5E3 /* HTTPTarget.swift */,
				4FFF738B262D6D96007EE5E3 /* NetworkManager.swift */,
			);
			path = Service;
			sourceTree = "<group>";
		};
		4FFF732E26295A7C007EE5E3 /* Repository */ = {
			isa = PBXGroup;
			children = (
				4FFF733F26295D34007EE5E3 /* WeatherRepository.swift */,
			);
			path = Repository;
			sourceTree = "<group>";
		};
		4FFF733B26295B26007EE5E3 /* Application */ = {
			isa = PBXGroup;
			children = (
				4FFF73092629598B007EE5E3 /* AppDelegate.swift */,
				4FFF733C26295B32007EE5E3 /* Constants.swift */,
				4FFF73D8262D7E08007EE5E3 /* DIContainer.swift */,
			);
			path = Application;
			sourceTree = "<group>";
		};
		4FFF7396262D7008007EE5E3 /* Modules */ = {
			isa = PBXGroup;
			children = (
				4FFF7397262D7015007EE5E3 /* Weather */,
			);
			path = Modules;
			sourceTree = "<group>";
		};
		4FFF7397262D7015007EE5E3 /* Weather */ = {
			isa = PBXGroup;
			children = (
				4FFF73AF262D7301007EE5E3 /* Model */,
				4FFF7398262D702F007EE5E3 /* View */,
				4FFF7399262D7032007EE5E3 /* Interactor */,
				4FFF739A262D703A007EE5E3 /* Presenter */,
			);
			path = Weather;
			sourceTree = "<group>";
		};
		4FFF7398262D702F007EE5E3 /* View */ = {
			isa = PBXGroup;
			children = (
				4FFF73DE262D8577007EE5E3 /* Router */,
				4FFF73B7262D76E0007EE5E3 /* Subviews */,
				4FFF73AB262D7271007EE5E3 /* WeatherView.swift */,
			);
			path = View;
			sourceTree = "<group>";
		};
		4FFF7399262D7032007EE5E3 /* Interactor */ = {
			isa = PBXGroup;
			children = (
				4FFF739B262D7058007EE5E3 /* WeatherInteractor.swift */,
			);
			path = Interactor;
			sourceTree = "<group>";
		};
		4FFF739A262D703A007EE5E3 /* Presenter */ = {
			isa = PBXGroup;
			children = (
				4FFF739F262D7091007EE5E3 /* WeatherPresenter.swift */,
			);
			path = Presenter;
			sourceTree = "<group>";
		};
		4FFF73A2262D7141007EE5E3 /* Common */ = {
			isa = PBXGroup;
			children = (
				4FFF73A3262D7152007EE5E3 /* RequestCancellable.swift */,
			);
			path = Common;
			sourceTree = "<group>";
		};
		4FFF73A6262D7186007EE5E3 /* Utils */ = {
			isa = PBXGroup;
			children = (
				4FFF73A7262D7192007EE5E3 /* RepositoryTask.swift */,
			);
			path = Utils;
			sourceTree = "<group>";
		};
		4FFF73AE262D72F3007EE5E3 /* Models */ = {
			isa = PBXGroup;
			children = (
				4FFF73B4262D73C0007EE5E3 /* Temperature.swift */,
				4FFF73DB262D8008007EE5E3 /* City.swift */,
			);
			path = Models;
			sourceTree = "<group>";
		};
		4FFF73AF262D7301007EE5E3 /* Model */ = {
			isa = PBXGroup;
			children = (
				4FFF73B0262D7309007EE5E3 /* WeatherModel.swift */,
			);
			path = Model;
			sourceTree = "<group>";
		};
		4FFF73B7262D76E0007EE5E3 /* Subviews */ = {
			isa = PBXGroup;
			children = (
				4FFF73B8262D76EC007EE5E3 /* WeatherTableViewCell.swift */,
				4FFF73CD262D7901007EE5E3 /* TempView.swift */,
			);
			path = Subviews;
			sourceTree = "<group>";
		};
		4FFF73BC262D778C007EE5E3 /* Resources */ = {
			isa = PBXGroup;
			children = (
				4FFF73C9262D78AB007EE5E3 /* R.generated.swift */,
				4FFF73122629598D007EE5E3 /* Assets.xcassets */,
				4FFF73142629598D007EE5E3 /* LaunchScreen.storyboard */,
				4FFF73172629598D007EE5E3 /* Info.plist */,
			);
			path = Resources;
			sourceTree = "<group>";
		};
		4FFF73D0262D7B14007EE5E3 /* Extensions */ = {
			isa = PBXGroup;
			children = (
				4FFF73D1262D7B24007EE5E3 /* Double+.swift */,
				4FFF73D5262D7B28007EE5E3 /* Date+.swift */,
			);
			path = Extensions;
			sourceTree = "<group>";
		};
		4FFF73DE262D8577007EE5E3 /* Router */ = {
			isa = PBXGroup;
			children = (
				4FFF73DF262D857F007EE5E3 /* WeatherRouter.swift */,
			);
			path = Router;
			sourceTree = "<group>";
		};
		7E5A9A89E0FB3DBB124AA314 /* Frameworks */ = {
			isa = PBXGroup;
			children = (
				F110085D06DEFA13594E11B8 /* Pods_Weather.framework */,
			);
			name = Frameworks;
			sourceTree = "<group>";
		};
/* End PBXGroup section */

/* Begin PBXNativeTarget section */
		4FFF73052629598B007EE5E3 /* Weather */ = {
			isa = PBXNativeTarget;
			buildConfigurationList = 4FFF731A2629598D007EE5E3 /* Build configuration list for PBXNativeTarget "Weather" */;
			buildPhases = (
				3AB988A446DF9C9D1B827717 /* [CP] Check Pods Manifest.lock */,
				4FFF73BB262D772B007EE5E3 /* ShellScript */,
				4FFF73022629598B007EE5E3 /* Sources */,
				4FFF73032629598B007EE5E3 /* Frameworks */,
				4FFF73042629598B007EE5E3 /* Resources */,
				248104B2A7D07E7B5F06418A /* [CP] Embed Pods Frameworks */,
			);
			buildRules = (
			);
			dependencies = (
			);
			name = Weather;
			productName = Weather;
			productReference = 4FFF73062629598B007EE5E3 /* Weather.app */;
			productType = "com.apple.product-type.application";
		};
/* End PBXNativeTarget section */

/* Begin PBXProject section */
		4FFF72FE2629598B007EE5E3 /* Project object */ = {
			isa = PBXProject;
			attributes = {
				LastSwiftUpdateCheck = 1240;
				LastUpgradeCheck = 1240;
				TargetAttributes = {
					4FFF73052629598B007EE5E3 = {
						CreatedOnToolsVersion = 12.4;
					};
				};
			};
			buildConfigurationList = 4FFF73012629598B007EE5E3 /* Build configuration list for PBXProject "Weather" */;
			compatibilityVersion = "Xcode 9.3";
			developmentRegion = en;
			hasScannedForEncodings = 0;
			knownRegions = (
				en,
				Base,
			);
			mainGroup = 4FFF72FD2629598B007EE5E3;
			productRefGroup = 4FFF73072629598B007EE5E3 /* Products */;
			projectDirPath = "";
			projectRoot = "";
			targets = (
				4FFF73052629598B007EE5E3 /* Weather */,
			);
		};
/* End PBXProject section */

/* Begin PBXResourcesBuildPhase section */
		4FFF73042629598B007EE5E3 /* Resources */ = {
			isa = PBXResourcesBuildPhase;
			buildActionMask = 2147483647;
			files = (
				4FFF73162629598D007EE5E3 /* LaunchScreen.storyboard in Resources */,
				4FFF73132629598D007EE5E3 /* Assets.xcassets in Resources */,
			);
			runOnlyForDeploymentPostprocessing = 0;
		};
/* End PBXResourcesBuildPhase section */

/* Begin PBXShellScriptBuildPhase section */
		248104B2A7D07E7B5F06418A /* [CP] Embed Pods Frameworks */ = {
			isa = PBXShellScriptBuildPhase;
			buildActionMask = 2147483647;
			files = (
			);
			inputFileListPaths = (
				"${PODS_ROOT}/Target Support Files/Pods-Weather/Pods-Weather-frameworks-${CONFIGURATION}-input-files.xcfilelist",
			);
			name = "[CP] Embed Pods Frameworks";
			outputFileListPaths = (
				"${PODS_ROOT}/Target Support Files/Pods-Weather/Pods-Weather-frameworks-${CONFIGURATION}-output-files.xcfilelist",
			);
			runOnlyForDeploymentPostprocessing = 0;
			shellPath = /bin/sh;
			shellScript = "\"${PODS_ROOT}/Target Support Files/Pods-Weather/Pods-Weather-frameworks.sh\"\n";
			showEnvVarsInLog = 0;
		};
		3AB988A446DF9C9D1B827717 /* [CP] Check Pods Manifest.lock */ = {
			isa = PBXShellScriptBuildPhase;
			buildActionMask = 2147483647;
			files = (
			);
			inputFileListPaths = (
			);
			inputPaths = (
				"${PODS_PODFILE_DIR_PATH}/Podfile.lock",
				"${PODS_ROOT}/Manifest.lock",
			);
			name = "[CP] Check Pods Manifest.lock";
			outputFileListPaths = (
			);
			outputPaths = (
				"$(DERIVED_FILE_DIR)/Pods-Weather-checkManifestLockResult.txt",
			);
			runOnlyForDeploymentPostprocessing = 0;
			shellPath = /bin/sh;
			shellScript = "diff \"${PODS_PODFILE_DIR_PATH}/Podfile.lock\" \"${PODS_ROOT}/Manifest.lock\" > /dev/null\nif [ $? != 0 ] ; then\n    # print error to STDERR\n    echo \"error: The sandbox is not in sync with the Podfile.lock. Run 'pod install' or update your CocoaPods installation.\" >&2\n    exit 1\nfi\n# This output is used by Xcode 'outputs' to avoid re-running this script phase.\necho \"SUCCESS\" > \"${SCRIPT_OUTPUT_FILE_0}\"\n";
			showEnvVarsInLog = 0;
		};
		4FFF73BB262D772B007EE5E3 /* ShellScript */ = {
			isa = PBXShellScriptBuildPhase;
			buildActionMask = 2147483647;
			files = (
			);
			inputFileListPaths = (
			);
			inputPaths = (
				"$TEMP_DIR/rswift-lastrun",
			);
			outputFileListPaths = (
			);
			outputPaths = (
				$SRCROOT/Weather/Resources/R.generated.swift,
			);
			runOnlyForDeploymentPostprocessing = 0;
			shellPath = /bin/sh;
			shellScript = "\"$PODS_ROOT/R.swift/rswift\" generate \"$SRCROOT/Weather/Resources/R.generated.swift\"\n";
		};
/* End PBXShellScriptBuildPhase section */

/* Begin PBXSourcesBuildPhase section */
		4FFF73022629598B007EE5E3 /* Sources */ = {
			isa = PBXSourcesBuildPhase;
			buildActionMask = 2147483647;
			files = (
				4FFF734026295D34007EE5E3 /* WeatherRepository.swift in Sources */,
				4FFF733626295AD5007EE5E3 /* HTTPHeader.swift in Sources */,
				4FFF73A8262D7192007EE5E3 /* RepositoryTask.swift in Sources */,
				4FFF733926295ADD007EE5E3 /* HTTPTarget.swift in Sources */,
				4FFF730A2629598B007EE5E3 /* AppDelegate.swift in Sources */,
				4FFF73AC262D7271007EE5E3 /* WeatherView.swift in Sources */,
				4FFF73CE262D7901007EE5E3 /* TempView.swift in Sources */,
				4FFF73D9262D7E08007EE5E3 /* DIContainer.swift in Sources */,
				4FFF73D6262D7B28007EE5E3 /* Date+.swift in Sources */,
				4FFF738C262D6D96007EE5E3 /* NetworkManager.swift in Sources */,
				4FFF73A0262D7091007EE5E3 /* WeatherPresenter.swift in Sources */,
				4FFF73CA262D78AB007EE5E3 /* R.generated.swift in Sources */,
				4FFF73B9262D76EC007EE5E3 /* WeatherTableViewCell.swift in Sources */,
				4FFF73B5262D73C0007EE5E3 /* Temperature.swift in Sources */,
				4FFF733026295AC3007EE5E3 /* WeatherTarget.swift in Sources */,
				4FFF73A4262D7152007EE5E3 /* RequestCancellable.swift in Sources */,
				4FFF73B1262D7309007EE5E3 /* WeatherModel.swift in Sources */,
				4FFF73D2262D7B24007EE5E3 /* Double+.swift in Sources */,
				4FFF73DC262D8008007EE5E3 /* City.swift in Sources */,
				4FFF733326295ACA007EE5E3 /* URLPath.swift in Sources */,
				4FFF733D26295B32007EE5E3 /* Constants.swift in Sources */,
				4FFF73E0262D857F007EE5E3 /* WeatherRouter.swift in Sources */,
				4FFF739C262D7058007EE5E3 /* WeatherInteractor.swift in Sources */,
			);
			runOnlyForDeploymentPostprocessing = 0;
		};
/* End PBXSourcesBuildPhase section */

/* Begin PBXVariantGroup section */
		4FFF73142629598D007EE5E3 /* LaunchScreen.storyboard */ = {
			isa = PBXVariantGroup;
			children = (
				4FFF73152629598D007EE5E3 /* Base */,
			);
			name = LaunchScreen.storyboard;
			sourceTree = "<group>";
		};
/* End PBXVariantGroup section */

/* Begin XCBuildConfiguration section */
		4FFF73182629598D007EE5E3 /* Debug */ = {
			isa = XCBuildConfiguration;
			buildSettings = {
				ALWAYS_SEARCH_USER_PATHS = NO;
				CLANG_ANALYZER_NONNULL = YES;
				CLANG_ANALYZER_NUMBER_OBJECT_CONVERSION = YES_AGGRESSIVE;
				CLANG_CXX_LANGUAGE_STANDARD = "gnu++14";
				CLANG_CXX_LIBRARY = "libc++";
				CLANG_ENABLE_MODULES = YES;
				CLANG_ENABLE_OBJC_ARC = YES;
				CLANG_ENABLE_OBJC_WEAK = YES;
				CLANG_WARN_BLOCK_CAPTURE_AUTORELEASING = YES;
				CLANG_WARN_BOOL_CONVERSION = YES;
				CLANG_WARN_COMMA = YES;
				CLANG_WARN_CONSTANT_CONVERSION = YES;
				CLANG_WARN_DEPRECATED_OBJC_IMPLEMENTATIONS = YES;
				CLANG_WARN_DIRECT_OBJC_ISA_USAGE = YES_ERROR;
				CLANG_WARN_DOCUMENTATION_COMMENTS = YES;
				CLANG_WARN_EMPTY_BODY = YES;
				CLANG_WARN_ENUM_CONVERSION = YES;
				CLANG_WARN_INFINITE_RECURSION = YES;
				CLANG_WARN_INT_CONVERSION = YES;
				CLANG_WARN_NON_LITERAL_NULL_CONVERSION = YES;
				CLANG_WARN_OBJC_IMPLICIT_RETAIN_SELF = YES;
				CLANG_WARN_OBJC_LITERAL_CONVERSION = YES;
				CLANG_WARN_OBJC_ROOT_CLASS = YES_ERROR;
				CLANG_WARN_QUOTED_INCLUDE_IN_FRAMEWORK_HEADER = YES;
				CLANG_WARN_RANGE_LOOP_ANALYSIS = YES;
				CLANG_WARN_STRICT_PROTOTYPES = YES;
				CLANG_WARN_SUSPICIOUS_MOVE = YES;
				CLANG_WARN_UNGUARDED_AVAILABILITY = YES_AGGRESSIVE;
				CLANG_WARN_UNREACHABLE_CODE = YES;
				CLANG_WARN__DUPLICATE_METHOD_MATCH = YES;
				COPY_PHASE_STRIP = NO;
				DEBUG_INFORMATION_FORMAT = dwarf;
				ENABLE_STRICT_OBJC_MSGSEND = YES;
				ENABLE_TESTABILITY = YES;
				GCC_C_LANGUAGE_STANDARD = gnu11;
				GCC_DYNAMIC_NO_PIC = NO;
				GCC_NO_COMMON_BLOCKS = YES;
				GCC_OPTIMIZATION_LEVEL = 0;
				GCC_PREPROCESSOR_DEFINITIONS = (
					"DEBUG=1",
					"$(inherited)",
				);
				GCC_WARN_64_TO_32_BIT_CONVERSION = YES;
				GCC_WARN_ABOUT_RETURN_TYPE = YES_ERROR;
				GCC_WARN_UNDECLARED_SELECTOR = YES;
				GCC_WARN_UNINITIALIZED_AUTOS = YES_AGGRESSIVE;
				GCC_WARN_UNUSED_FUNCTION = YES;
				GCC_WARN_UNUSED_VARIABLE = YES;
				IPHONEOS_DEPLOYMENT_TARGET = 12.0;
				MTL_ENABLE_DEBUG_INFO = INCLUDE_SOURCE;
				MTL_FAST_MATH = YES;
				ONLY_ACTIVE_ARCH = YES;
				SDKROOT = iphoneos;
				SWIFT_ACTIVE_COMPILATION_CONDITIONS = DEBUG;
				SWIFT_OPTIMIZATION_LEVEL = "-Onone";
			};
			name = Debug;
		};
		4FFF73192629598D007EE5E3 /* Release */ = {
			isa = XCBuildConfiguration;
			buildSettings = {
				ALWAYS_SEARCH_USER_PATHS = NO;
				CLANG_ANALYZER_NONNULL = YES;
				CLANG_ANALYZER_NUMBER_OBJECT_CONVERSION = YES_AGGRESSIVE;
				CLANG_CXX_LANGUAGE_STANDARD = "gnu++14";
				CLANG_CXX_LIBRARY = "libc++";
				CLANG_ENABLE_MODULES = YES;
				CLANG_ENABLE_OBJC_ARC = YES;
				CLANG_ENABLE_OBJC_WEAK = YES;
				CLANG_WARN_BLOCK_CAPTURE_AUTORELEASING = YES;
				CLANG_WARN_BOOL_CONVERSION = YES;
				CLANG_WARN_COMMA = YES;
				CLANG_WARN_CONSTANT_CONVERSION = YES;
				CLANG_WARN_DEPRECATED_OBJC_IMPLEMENTATIONS = YES;
				CLANG_WARN_DIRECT_OBJC_ISA_USAGE = YES_ERROR;
				CLANG_WARN_DOCUMENTATION_COMMENTS = YES;
				CLANG_WARN_EMPTY_BODY = YES;
				CLANG_WARN_ENUM_CONVERSION = YES;
				CLANG_WARN_INFINITE_RECURSION = YES;
				CLANG_WARN_INT_CONVERSION = YES;
				CLANG_WARN_NON_LITERAL_NULL_CONVERSION = YES;
				CLANG_WARN_OBJC_IMPLICIT_RETAIN_SELF = YES;
				CLANG_WARN_OBJC_LITERAL_CONVERSION = YES;
				CLANG_WARN_OBJC_ROOT_CLASS = YES_ERROR;
				CLANG_WARN_QUOTED_INCLUDE_IN_FRAMEWORK_HEADER = YES;
				CLANG_WARN_RANGE_LOOP_ANALYSIS = YES;
				CLANG_WARN_STRICT_PROTOTYPES = YES;
				CLANG_WARN_SUSPICIOUS_MOVE = YES;
				CLANG_WARN_UNGUARDED_AVAILABILITY = YES_AGGRESSIVE;
				CLANG_WARN_UNREACHABLE_CODE = YES;
				CLANG_WARN__DUPLICATE_METHOD_MATCH = YES;
				COPY_PHASE_STRIP = NO;
				DEBUG_INFORMATION_FORMAT = "dwarf-with-dsym";
				ENABLE_NS_ASSERTIONS = NO;
				ENABLE_STRICT_OBJC_MSGSEND = YES;
				GCC_C_LANGUAGE_STANDARD = gnu11;
				GCC_NO_COMMON_BLOCKS = YES;
				GCC_WARN_64_TO_32_BIT_CONVERSION = YES;
				GCC_WARN_ABOUT_RETURN_TYPE = YES_ERROR;
				GCC_WARN_UNDECLARED_SELECTOR = YES;
				GCC_WARN_UNINITIALIZED_AUTOS = YES_AGGRESSIVE;
				GCC_WARN_UNUSED_FUNCTION = YES;
				GCC_WARN_UNUSED_VARIABLE = YES;
				IPHONEOS_DEPLOYMENT_TARGET = 12.0;
				MTL_ENABLE_DEBUG_INFO = NO;
				MTL_FAST_MATH = YES;
				SDKROOT = iphoneos;
				SWIFT_COMPILATION_MODE = wholemodule;
				SWIFT_OPTIMIZATION_LEVEL = "-O";
				VALIDATE_PRODUCT = YES;
			};
			name = Release;
		};
		4FFF731B2629598D007EE5E3 /* Debug */ = {
			isa = XCBuildConfiguration;
			baseConfigurationReference = 05DB16C1FB23D5ACFAF3D879 /* Pods-Weather.debug.xcconfig */;
			buildSettings = {
				ASSETCATALOG_COMPILER_APPICON_NAME = AppIcon;
				ASSETCATALOG_COMPILER_GLOBAL_ACCENT_COLOR_NAME = AccentColor;
				CODE_SIGN_STYLE = Automatic;
				DEVELOPMENT_TEAM = 9WL566ZDJM;
				INFOPLIST_FILE = Weather/Resources/Info.plist;
				LD_RUNPATH_SEARCH_PATHS = (
					"$(inherited)",
					"@executable_path/Frameworks",
				);
				PRODUCT_BUNDLE_IDENTIFIER = "com.kuna-anarbay.Weather";
				PRODUCT_NAME = "$(TARGET_NAME)";
				SWIFT_VERSION = 5.0;
				TARGETED_DEVICE_FAMILY = "1,2";
			};
			name = Debug;
		};
		4FFF731C2629598D007EE5E3 /* Release */ = {
			isa = XCBuildConfiguration;
			baseConfigurationReference = DF03A7CEF4735C39FAA2AE10 /* Pods-Weather.release.xcconfig */;
			buildSettings = {
				ASSETCATALOG_COMPILER_APPICON_NAME = AppIcon;
				ASSETCATALOG_COMPILER_GLOBAL_ACCENT_COLOR_NAME = AccentColor;
				CODE_SIGN_STYLE = Automatic;
				DEVELOPMENT_TEAM = 9WL566ZDJM;
				INFOPLIST_FILE = Weather/Resources/Info.plist;
				LD_RUNPATH_SEARCH_PATHS = (
					"$(inherited)",
					"@executable_path/Frameworks",
				);
				PRODUCT_BUNDLE_IDENTIFIER = "com.kuna-anarbay.Weather";
				PRODUCT_NAME = "$(TARGET_NAME)";
				SWIFT_VERSION = 5.0;
				TARGETED_DEVICE_FAMILY = "1,2";
			};
			name = Release;
		};
/* End XCBuildConfiguration section */

/* Begin XCConfigurationList section */
		4FFF73012629598B007EE5E3 /* Build configuration list for PBXProject "Weather" */ = {
			isa = XCConfigurationList;
			buildConfigurations = (
				4FFF73182629598D007EE5E3 /* Debug */,
				4FFF73192629598D007EE5E3 /* Release */,
			);
			defaultConfigurationIsVisible = 0;
			defaultConfigurationName = Release;
		};
		4FFF731A2629598D007EE5E3 /* Build configuration list for PBXNativeTarget "Weather" */ = {
			isa = XCConfigurationList;
			buildConfigurations = (
				4FFF731B2629598D007EE5E3 /* Debug */,
				4FFF731C2629598D007EE5E3 /* Release */,
			);
			defaultConfigurationIsVisible = 0;
			defaultConfigurationName = Release;
		};
/* End XCConfigurationList section */
	};
	rootObject = 4FFF72FE2629598B007EE5E3 /* Project object */;
}
